{
  "requires": true,
  "lockfileVersion": 1,
  "dependencies": {
    "@uirouter/angularjs": {
      "version": "1.0.10",
      "resolved": "http://registry.npm.taobao.org/@uirouter/angularjs/download/@uirouter/angularjs-1.0.10.tgz",
      "integrity": "sha1-4YsLZc0NLYcWX62AKUrPstxeUnc=",
      "requires": {
        "@uirouter/core": "5.0.11"
      }
    },
    "@uirouter/core": {
      "version": "5.0.11",
      "resolved": "http://registry.npm.taobao.org/@uirouter/core/download/@uirouter/core-5.0.11.tgz",
      "integrity": "sha1-vsRh/Np2fXnJj2ZHzJMT755d4Do="
    }
  }
}
